// !$*UTF8*$!
{
	archiveVersion = 1;
	classes = {
	};
	objectVersion = 50;
	objects = {

/* Begin PBXBuildFile section */
		285E20BB266B733100253323 /* ViewModel.swift in Sources */ = {isa = PBXBuildFile; fileRef = 285E20BA266B733100253323 /* ViewModel.swift */; };
		285E20C7266B822000253323 /* ErrorMsg.swift in Sources */ = {isa = PBXBuildFile; fileRef = 285E20C6266B822000253323 /* ErrorMsg.swift */; };
		2878F5A12667F772002096BD /* AppDelegate.swift in Sources */ = {isa = PBXBuildFile; fileRef = 2878F5A02667F772002096BD /* AppDelegate.swift */; };
		2878F5A32667F773002096BD /* SceneDelegate.swift in Sources */ = {isa = PBXBuildFile; fileRef = 2878F5A22667F773002096BD /* SceneDelegate.swift */; };
		2878F5A52667F773002096BD /* ViewController.swift in Sources */ = {isa = PBXBuildFile; fileRef = 2878F5A42667F773002096BD /* ViewController.swift */; };
		2878F5A82667F773002096BD /* Main.storyboard in Resources */ = {isa = PBXBuildFile; fileRef = 2878F5A62667F773002096BD /* Main.storyboard */; };
		2878F5AA2667F775002096BD /* Assets.xcassets in Resources */ = {isa = PBXBuildFile; fileRef = 2878F5A92667F775002096BD /* Assets.xcassets */; };
		2878F5AD2667F775002096BD /* LaunchScreen.storyboard in Resources */ = {isa = PBXBuildFile; fileRef = 2878F5AB2667F775002096BD /* LaunchScreen.storyboard */; };
		2878F5B82667F775002096BD /* ErrorHandlingTests.swift in Sources */ = {isa = PBXBuildFile; fileRef = 2878F5B72667F775002096BD /* ErrorHandlingTests.swift */; };
		2878F5C32667F775002096BD /* ErrorHandlingUITests.swift in Sources */ = {isa = PBXBuildFile; fileRef = 2878F5C22667F775002096BD /* ErrorHandlingUITests.swift */; };
/* End PBXBuildFile section */

/* Begin PBXContainerItemProxy section */
		2878F5B42667F775002096BD /* PBXContainerItemProxy */ = {
			isa = PBXContainerItemProxy;
			containerPortal = 2878F5952667F772002096BD /* Project object */;
			proxyType = 1;
			remoteGlobalIDString = 2878F59C2667F772002096BD;
			remoteInfo = ErrorHandling;
		};
		2878F5BF2667F775002096BD /* PBXContainerItemProxy */ = {
			isa = PBXContainerItemProxy;
			containerPortal = 2878F5952667F772002096BD /* Project object */;
			proxyType = 1;
			remoteGlobalIDString = 2878F59C2667F772002096BD;
			remoteInfo = ErrorHandling;
		};
/* End PBXContainerItemProxy section */

/* Begin PBXFileReference section */
		285E20BA266B733100253323 /* ViewModel.swift */ = {isa = PBXFileReference; lastKnownFileType = sourcecode.swift; path = ViewModel.swift; sourceTree = "<group>"; };
		285E20C6266B822000253323 /* ErrorMsg.swift */ = {isa = PBXFileReference; lastKnownFileType = sourcecode.swift; path = ErrorMsg.swift; sourceTree = "<group>"; };
		2878F59D2667F772002096BD /* ErrorHandling.app */ = {isa = PBXFileReference; explicitFileType = wrapper.application; includeInIndex = 0; path = ErrorHandling.app; sourceTree = BUILT_PRODUCTS_DIR; };
		2878F5A02667F772002096BD /* AppDelegate.swift */ = {isa = PBXFileReference; lastKnownFileType = sourcecode.swift; path = AppDelegate.swift; sourceTree = "<group>"; };
		2878F5A22667F773002096BD /* SceneDelegate.swift */ = {isa = PBXFileReference; lastKnownFileType = sourcecode.swift; path = SceneDelegate.swift; sourceTree = "<group>"; };
		2878F5A42667F773002096BD /* ViewController.swift */ = {isa = PBXFileReference; lastKnownFileType = sourcecode.swift; path = ViewController.swift; sourceTree = "<group>"; };
		2878F5A72667F773002096BD /* Base */ = {isa = PBXFileReference; lastKnownFileType = file.storyboard; name = Base; path = Base.lproj/Main.storyboard; sourceTree = "<group>"; };
		2878F5A92667F775002096BD /* Assets.xcassets */ = {isa = PBXFileReference; lastKnownFileType = folder.assetcatalog; path = Assets.xcassets; sourceTree = "<group>"; };
		2878F5AC2667F775002096BD /* Base */ = {isa = PBXFileReference; lastKnownFileType = file.storyboard; name = Base; path = Base.lproj/LaunchScreen.storyboard; sourceTree = "<group>"; };
		2878F5AE2667F775002096BD /* Info.plist */ = {isa = PBXFileReference; lastKnownFileType = text.plist.xml; path = Info.plist; sourceTree = "<group>"; };
		2878F5B32667F775002096BD /* ErrorHandlingTests.xctest */ = {isa = PBXFileReference; explicitFileType = wrapper.cfbundle; includeInIndex = 0; path = ErrorHandlingTests.xctest; sourceTree = BUILT_PRODUCTS_DIR; };
		2878F5B72667F775002096BD /* ErrorHandlingTests.swift */ = {isa = PBXFileReference; lastKnownFileType = sourcecode.swift; path = ErrorHandlingTests.swift; sourceTree = "<group>"; };
		2878F5B92667F775002096BD /* Info.plist */ = {isa = PBXFileReference; lastKnownFileType = text.plist.xml; path = Info.plist; sourceTree = "<group>"; };
		2878F5BE2667F775002096BD /* ErrorHandlingUITests.xctest */ = {isa = PBXFileReference; explicitFileType = wrapper.cfbundle; includeInIndex = 0; path = ErrorHandlingUITests.xctest; sourceTree = BUILT_PRODUCTS_DIR; };
		2878F5C22667F775002096BD /* ErrorHandlingUITests.swift */ = {isa = PBXFileReference; lastKnownFileType = sourcecode.swift; path = ErrorHandlingUITests.swift; sourceTree = "<group>"; };
		2878F5C42667F775002096BD /* Info.plist */ = {isa = PBXFileReference; lastKnownFileType = text.plist.xml; path = Info.plist; sourceTree = "<group>"; };
/* End PBXFileReference section */

/* Begin PBXFrameworksBuildPhase section */
		2878F59A2667F772002096BD /* Frameworks */ = {
			isa = PBXFrameworksBuildPhase;
			buildActionMask = 2147483647;
			files = (
			);
			runOnlyForDeploymentPostprocessing = 0;
		};
		2878F5B02667F775002096BD /* Frameworks */ = {
			isa = PBXFrameworksBuildPhase;
			buildActionMask = 2147483647;
			files = (
			);
			runOnlyForDeploymentPostprocessing = 0;
		};
		2878F5BB2667F775002096BD /* Frameworks */ = {
			isa = PBXFrameworksBuildPhase;
			buildActionMask = 2147483647;
			files = (
			);
			runOnlyForDeploymentPostprocessing = 0;
		};
/* End PBXFrameworksBuildPhase section */

/* Begin PBXGroup section */
		285E20BF266B756E00253323 /* ViewModel */ = {
			isa = PBXGroup;
			children = (
				285E20BA266B733100253323 /* ViewModel.swift */,
			);
			path = ViewModel;
			sourceTree = "<group>";
		};
		285E20C0266B757300253323 /* Controller */ = {
			isa = PBXGroup;
			children = (
				2878F5A42667F773002096BD /* ViewController.swift */,
			);
			path = Controller;
			sourceTree = "<group>";
		};
		285E20C1266B757900253323 /* AppDelegate */ = {
			isa = PBXGroup;
			children = (
				2878F5A22667F773002096BD /* SceneDelegate.swift */,
				2878F5A02667F772002096BD /* AppDelegate.swift */,
			);
			path = AppDelegate;
			sourceTree = "<group>";
		};
		285E20C5266B820F00253323 /* Common */ = {
			isa = PBXGroup;
			children = (
			);
			path = Common;
			sourceTree = "<group>";
		};
		2878F5942667F772002096BD = {
			isa = PBXGroup;
			children = (
				2878F59F2667F772002096BD /* ErrorHandling */,
				2878F5B62667F775002096BD /* ErrorHandlingTests */,
				2878F5C12667F775002096BD /* ErrorHandlingUITests */,
				2878F59E2667F772002096BD /* Products */,
			);
			sourceTree = "<group>";
		};
		2878F59E2667F772002096BD /* Products */ = {
			isa = PBXGroup;
			children = (
				2878F59D2667F772002096BD /* ErrorHandling.app */,
				2878F5B32667F775002096BD /* ErrorHandlingTests.xctest */,
				2878F5BE2667F775002096BD /* ErrorHandlingUITests.xctest */,
			);
			name = Products;
			sourceTree = "<group>";
		};
		2878F59F2667F772002096BD /* ErrorHandling */ = {
			isa = PBXGroup;
			children = (
				285E20C5266B820F00253323 /* Common */,
				285E20C1266B757900253323 /* AppDelegate */,
				285E20C0266B757300253323 /* Controller */,
				285E20BF266B756E00253323 /* ViewModel */,
				2878F5A62667F773002096BD /* Main.storyboard */,
				2878F5A92667F775002096BD /* Assets.xcassets */,
				2878F5AB2667F775002096BD /* LaunchScreen.storyboard */,
				2878F5AE2667F775002096BD /* Info.plist */,
				285E20C6266B822000253323 /* ErrorMsg.swift */,
			);
			path = ErrorHandling;
			sourceTree = "<group>";
		};
		2878F5B62667F775002096BD /* ErrorHandlingTests */ = {
			isa = PBXGroup;
			children = (
				2878F5B72667F775002096BD /* ErrorHandlingTests.swift */,
				2878F5B92667F775002096BD /* Info.plist */,
			);
			path = ErrorHandlingTests;
			sourceTree = "<group>";
		};
		2878F5C12667F775002096BD /* ErrorHandlingUITests */ = {
			isa = PBXGroup;
			children = (
				2878F5C22667F775002096BD /* ErrorHandlingUITests.swift */,
				2878F5C42667F775002096BD /* Info.plist */,
			);
			path = ErrorHandlingUITests;
			sourceTree = "<group>";
		};
/* End PBXGroup section */

/* Begin PBXNativeTarget section */
		2878F59C2667F772002096BD /* ErrorHandling */ = {
			isa = PBXNativeTarget;
			buildConfigurationList = 2878F5C72667F775002096BD /* Build configuration list for PBXNativeTarget "ErrorHandling" */;
			buildPhases = (
				2878F5992667F772002096BD /* Sources */,
				2878F59A2667F772002096BD /* Frameworks */,
				2878F59B2667F772002096BD /* Resources */,
			);
			buildRules = (
			);
			dependencies = (
			);
			name = ErrorHandling;
			productName = ErrorHandling;
			productReference = 2878F59D2667F772002096BD /* ErrorHandling.app */;
			productType = "com.apple.product-type.application";
		};
		2878F5B22667F775002096BD /* ErrorHandlingTests */ = {
			isa = PBXNativeTarget;
			buildConfigurationList = 2878F5CA2667F775002096BD /* Build configuration list for PBXNativeTarget "ErrorHandlingTests" */;
			buildPhases = (
				2878F5AF2667F775002096BD /* Sources */,
				2878F5B02667F775002096BD /* Frameworks */,
				2878F5B12667F775002096BD /* Resources */,
			);
			buildRules = (
			);
			dependencies = (
				2878F5B52667F775002096BD /* PBXTargetDependency */,
			);
			name = ErrorHandlingTests;
			productName = ErrorHandlingTests;
			productReference = 2878F5B32667F775002096BD /* ErrorHandlingTests.xctest */;
			productType = "com.apple.product-type.bundle.unit-test";
		};
		2878F5BD2667F775002096BD /* ErrorHandlingUITests */ = {
			isa = PBXNativeTarget;
			buildConfigurationList = 2878F5CD2667F775002096BD /* Build configuration list for PBXNativeTarget "ErrorHandlingUITests" */;
			buildPhases = (
				2878F5BA2667F775002096BD /* Sources */,
				2878F5BB2667F775002096BD /* Frameworks */,
				2878F5BC2667F775002096BD /* Resources */,
			);
			buildRules = (
			);
			dependencies = (
				2878F5C02667F775002096BD /* PBXTargetDependency */,
			);
			name = ErrorHandlingUITests;
			productName = ErrorHandlingUITests;
			productReference = 2878F5BE2667F775002096BD /* ErrorHandlingUITests.xctest */;
			productType = "com.apple.product-type.bundle.ui-testing";
		};
/* End PBXNativeTarget section */

/* Begin PBXProject section */
		2878F5952667F772002096BD /* Project object */ = {
			isa = PBXProject;
			attributes = {
				LastSwiftUpdateCheck = 1240;
				LastUpgradeCheck = 1240;
				TargetAttributes = {
					2878F59C2667F772002096BD = {
						CreatedOnToolsVersion = 12.4;
					};
					2878F5B22667F775002096BD = {
						CreatedOnToolsVersion = 12.4;
						TestTargetID = 2878F59C2667F772002096BD;
					};
					2878F5BD2667F775002096BD = {
						CreatedOnToolsVersion = 12.4;
						TestTargetID = 2878F59C2667F772002096BD;
					};
				};
			};
			buildConfigurationList = 2878F5982667F772002096BD /* Build configuration list for PBXProject "ErrorHandling" */;
			compatibilityVersion = "Xcode 9.3";
			developmentRegion = en;
			hasScannedForEncodings = 0;
			knownRegions = (
				en,
				Base,
			);
			mainGroup = 2878F5942667F772002096BD;
			productRefGroup = 2878F59E2667F772002096BD /* Products */;
			projectDirPath = "";
			projectRoot = "";
			targets = (
				2878F59C2667F772002096BD /* ErrorHandling */,
				2878F5B22667F775002096BD /* ErrorHandlingTests */,
				2878F5BD2667F775002096BD /* ErrorHandlingUITests */,
			);
		};
/* End PBXProject section */

/* Begin PBXResourcesBuildPhase section */
		2878F59B2667F772002096BD /* Resources */ = {
			isa = PBXResourcesBuildPhase;
			buildActionMask = 2147483647;
			files = (
				2878F5AD2667F775002096BD /* LaunchScreen.storyboard in Resources */,
				2878F5AA2667F775002096BD /* Assets.xcassets in Resources */,
				2878F5A82667F773002096BD /* Main.storyboard in Resources */,
			);
			runOnlyForDeploymentPostprocessing = 0;
		};
		2878F5B12667F775002096BD /* Resources */ = {
			isa = PBXResourcesBuildPhase;
			buildActionMask = 2147483647;
			files = (
			);
			runOnlyForDeploymentPostprocessing = 0;
		};
		2878F5BC2667F775002096BD /* Resources */ = {
			isa = PBXResourcesBuildPhase;
			buildActionMask = 2147483647;
			files = (
			);
			runOnlyForDeploymentPostprocessing = 0;
		};
/* End PBXResourcesBuildPhase section */

/* Begin PBXSourcesBuildPhase section */
		2878F5992667F772002096BD /* Sources */ = {
			isa = PBXSourcesBuildPhase;
			buildActionMask = 2147483647;
			files = (
				2878F5A52667F773002096BD /* ViewController.swift in Sources */,
				2878F5A12667F772002096BD /* AppDelegate.swift in Sources */,
				285E20BB266B733100253323 /* ViewModel.swift in Sources */,
				285E20C7266B822000253323 /* ErrorMsg.swift in Sources */,
				2878F5A32667F773002096BD /* SceneDelegate.swift in Sources */,
			);
			runOnlyForDeploymentPostprocessing = 0;
		};
		2878F5AF2667F775002096BD /* Sources */ = {
			isa = PBXSourcesBuildPhase;
			buildActionMask = 2147483647;
			files = (
				2878F5B82667F775002096BD /* ErrorHandlingTests.swift in Sources */,
			);
			runOnlyForDeploymentPostprocessing = 0;
		};
		2878F5BA2667F775002096BD /* Sources */ = {
			isa = PBXSourcesBuildPhase;
			buildActionMask = 2147483647;
			files = (
				2878F5C32667F775002096BD /* ErrorHandlingUITests.swift in Sources */,
			);
			runOnlyForDeploymentPostprocessing = 0;
		};
/* End PBXSourcesBuildPhase section */

/* Begin PBXTargetDependency section */
		2878F5B52667F775002096BD /* PBXTargetDependency */ = {
			isa = PBXTargetDependency;
			target = 2878F59C2667F772002096BD /* ErrorHandling */;
			targetProxy = 2878F5B42667F775002096BD /* PBXContainerItemProxy */;
		};
		2878F5C02667F775002096BD /* PBXTargetDependency */ = {
			isa = PBXTargetDependency;
			target = 2878F59C2667F772002096BD /* ErrorHandling */;
			targetProxy = 2878F5BF2667F775002096BD /* PBXContainerItemProxy */;
		};
/* End PBXTargetDependency section */

/* Begin PBXVariantGroup section */
		2878F5A62667F773002096BD /* Main.storyboard */ = {
			isa = PBXVariantGroup;
			children = (
				2878F5A72667F773002096BD /* Base */,
			);
			name = Main.storyboard;
			sourceTree = "<group>";
		};
		2878F5AB2667F775002096BD /* LaunchScreen.storyboard */ = {
			isa = PBXVariantGroup;
			children = (
				2878F5AC2667F775002096BD /* Base */,
			);
			name = LaunchScreen.storyboard;
			sourceTree = "<group>";
		};
/* End PBXVariantGroup section */

/* Begin XCBuildConfiguration section */
		2878F5C52667F775002096BD /* Debug */ = {
			isa = XCBuildConfiguration;
			buildSettings = {
				ALWAYS_SEARCH_USER_PATHS = NO;
				CLANG_ANALYZER_NONNULL = YES;
				CLANG_ANALYZER_NUMBER_OBJECT_CONVERSION = YES_AGGRESSIVE;
				CLANG_CXX_LANGUAGE_STANDARD = "gnu++14";
				CLANG_CXX_LIBRARY = "libc++";
				CLANG_ENABLE_MODULES = YES;
				CLANG_ENABLE_OBJC_ARC = YES;
				CLANG_ENABLE_OBJC_WEAK = YES;
				CLANG_WARN_BLOCK_CAPTURE_AUTORELEASING = YES;
				CLANG_WARN_BOOL_CONVERSION = YES;
				CLANG_WARN_COMMA = YES;
				CLANG_WARN_CONSTANT_CONVERSION = YES;
				CLANG_WARN_DEPRECATED_OBJC_IMPLEMENTATIONS = YES;
				CLANG_WARN_DIRECT_OBJC_ISA_USAGE = YES_ERROR;
				CLANG_WARN_DOCUMENTATION_COMMENTS = YES;
				CLANG_WARN_EMPTY_BODY = YES;
				CLANG_WARN_ENUM_CONVERSION = YES;
				CLANG_WARN_INFINITE_RECURSION = YES;
				CLANG_WARN_INT_CONVERSION = YES;
				CLANG_WARN_NON_LITERAL_NULL_CONVERSION = YES;
				CLANG_WARN_OBJC_IMPLICIT_RETAIN_SELF = YES;
				CLANG_WARN_OBJC_LITERAL_CONVERSION = YES;
				CLANG_WARN_OBJC_ROOT_CLASS = YES_ERROR;
				CLANG_WARN_QUOTED_INCLUDE_IN_FRAMEWORK_HEADER = YES;
				CLANG_WARN_RANGE_LOOP_ANALYSIS = YES;
				CLANG_WARN_STRICT_PROTOTYPES = YES;
				CLANG_WARN_SUSPICIOUS_MOVE = YES;
				CLANG_WARN_UNGUARDED_AVAILABILITY = YES_AGGRESSIVE;
				CLANG_WARN_UNREACHABLE_CODE = YES;
				CLANG_WARN__DUPLICATE_METHOD_MATCH = YES;
				COPY_PHASE_STRIP = NO;
				DEBUG_INFORMATION_FORMAT = dwarf;
				ENABLE_STRICT_OBJC_MSGSEND = YES;
				ENABLE_TESTABILITY = YES;
				GCC_C_LANGUAGE_STANDARD = gnu11;
				GCC_DYNAMIC_NO_PIC = NO;
				GCC_NO_COMMON_BLOCKS = YES;
				GCC_OPTIMIZATION_LEVEL = 0;
				GCC_PREPROCESSOR_DEFINITIONS = (
					"DEBUG=1",
					"$(inherited)",
				);
				GCC_WARN_64_TO_32_BIT_CONVERSION = YES;
				GCC_WARN_ABOUT_RETURN_TYPE = YES_ERROR;
				GCC_WARN_UNDECLARED_SELECTOR = YES;
				GCC_WARN_UNINITIALIZED_AUTOS = YES_AGGRESSIVE;
				GCC_WARN_UNUSED_FUNCTION = YES;
				GCC_WARN_UNUSED_VARIABLE = YES;
				IPHONEOS_DEPLOYMENT_TARGET = 14.4;
				MTL_ENABLE_DEBUG_INFO = INCLUDE_SOURCE;
				MTL_FAST_MATH = YES;
				ONLY_ACTIVE_ARCH = YES;
				SDKROOT = iphoneos;
				SWIFT_ACTIVE_COMPILATION_CONDITIONS = DEBUG;
				SWIFT_OPTIMIZATION_LEVEL = "-Onone";
			};
			name = Debug;
		};
		2878F5C62667F775002096BD /* Release */ = {
			isa = XCBuildConfiguration;
			buildSettings = {
				ALWAYS_SEARCH_USER_PATHS = NO;
				CLANG_ANALYZER_NONNULL = YES;
				CLANG_ANALYZER_NUMBER_OBJECT_CONVERSION = YES_AGGRESSIVE;
				CLANG_CXX_LANGUAGE_STANDARD = "gnu++14";
				CLANG_CXX_LIBRARY = "libc++";
				CLANG_ENABLE_MODULES = YES;
				CLANG_ENABLE_OBJC_ARC = YES;
				CLANG_ENABLE_OBJC_WEAK = YES;
				CLANG_WARN_BLOCK_CAPTURE_AUTORELEASING = YES;
				CLANG_WARN_BOOL_CONVERSION = YES;
				CLANG_WARN_COMMA = YES;
				CLANG_WARN_CONSTANT_CONVERSION = YES;
				CLANG_WARN_DEPRECATED_OBJC_IMPLEMENTATIONS = YES;
				CLANG_WARN_DIRECT_OBJC_ISA_USAGE = YES_ERROR;
				CLANG_WARN_DOCUMENTATION_COMMENTS = YES;
				CLANG_WARN_EMPTY_BODY = YES;
				CLANG_WARN_ENUM_CONVERSION = YES;
				CLANG_WARN_INFINITE_RECURSION = YES;
				CLANG_WARN_INT_CONVERSION = YES;
				CLANG_WARN_NON_LITERAL_NULL_CONVERSION = YES;
				CLANG_WARN_OBJC_IMPLICIT_RETAIN_SELF = YES;
				CLANG_WARN_OBJC_LITERAL_CONVERSION = YES;
				CLANG_WARN_OBJC_ROOT_CLASS = YES_ERROR;
				CLANG_WARN_QUOTED_INCLUDE_IN_FRAMEWORK_HEADER = YES;
				CLANG_WARN_RANGE_LOOP_ANALYSIS = YES;
				CLANG_WARN_STRICT_PROTOTYPES = YES;
				CLANG_WARN_SUSPICIOUS_MOVE = YES;
				CLANG_WARN_UNGUARDED_AVAILABILITY = YES_AGGRESSIVE;
				CLANG_WARN_UNREACHABLE_CODE = YES;
				CLANG_WARN__DUPLICATE_METHOD_MATCH = YES;
				COPY_PHASE_STRIP = NO;
				DEBUG_INFORMATION_FORMAT = "dwarf-with-dsym";
				ENABLE_NS_ASSERTIONS = NO;
				ENABLE_STRICT_OBJC_MSGSEND = YES;
				GCC_C_LANGUAGE_STANDARD = gnu11;
				GCC_NO_COMMON_BLOCKS = YES;
				GCC_WARN_64_TO_32_BIT_CONVERSION = YES;
				GCC_WARN_ABOUT_RETURN_TYPE = YES_ERROR;
				GCC_WARN_UNDECLARED_SELECTOR = YES;
				GCC_WARN_UNINITIALIZED_AUTOS = YES_AGGRESSIVE;
				GCC_WARN_UNUSED_FUNCTION = YES;
				GCC_WARN_UNUSED_VARIABLE = YES;
				IPHONEOS_DEPLOYMENT_TARGET = 14.4;
				MTL_ENABLE_DEBUG_INFO = NO;
				MTL_FAST_MATH = YES;
				SDKROOT = iphoneos;
				SWIFT_COMPILATION_MODE = wholemodule;
				SWIFT_OPTIMIZATION_LEVEL = "-O";
				VALIDATE_PRODUCT = YES;
			};
			name = Release;
		};
		2878F5C82667F775002096BD /* Debug */ = {
			isa = XCBuildConfiguration;
			buildSettings = {
				ASSETCATALOG_COMPILER_APPICON_NAME = AppIcon;
				ASSETCATALOG_COMPILER_GLOBAL_ACCENT_COLOR_NAME = AccentColor;
				CODE_SIGN_STYLE = Automatic;
				DEVELOPMENT_TEAM = A8MY7W6Z5F;
				INFOPLIST_FILE = ErrorHandling/Info.plist;
				LD_RUNPATH_SEARCH_PATHS = (
					"$(inherited)",
					"@executable_path/Frameworks",
				);
				PRODUCT_BUNDLE_IDENTIFIER = product.gurinder.singh.ErrorHandling;
				PRODUCT_NAME = "$(TARGET_NAME)";
				SWIFT_VERSION = 5.0;
				TARGETED_DEVICE_FAMILY = "1,2";
			};
			name = Debug;
		};
		2878F5C92667F775002096BD /* Release */ = {
			isa = XCBuildConfiguration;
			buildSettings = {
				ASSETCATALOG_COMPILER_APPICON_NAME = AppIcon;
				ASSETCATALOG_COMPILER_GLOBAL_ACCENT_COLOR_NAME = AccentColor;
				CODE_SIGN_STYLE = Automatic;
				DEVELOPMENT_TEAM = A8MY7W6Z5F;
				INFOPLIST_FILE = ErrorHandling/Info.plist;
				LD_RUNPATH_SEARCH_PATHS = (
					"$(inherited)",
					"@executable_path/Frameworks",
				);
				PRODUCT_BUNDLE_IDENTIFIER = product.gurinder.singh.ErrorHandling;
				PRODUCT_NAME = "$(TARGET_NAME)";
				SWIFT_VERSION = 5.0;
				TARGETED_DEVICE_FAMILY = "1,2";
			};
			name = Release;
		};
		2878F5CB2667F775002096BD /* Debug */ = {
			isa = XCBuildConfiguration;
			buildSettings = {
				ALWAYS_EMBED_SWIFT_STANDARD_LIBRARIES = YES;
				BUNDLE_LOADER = "$(TEST_HOST)";
				CODE_SIGN_STYLE = Automatic;
				DEVELOPMENT_TEAM = A8MY7W6Z5F;
				INFOPLIST_FILE = ErrorHandlingTests/Info.plist;
				IPHONEOS_DEPLOYMENT_TARGET = 14.4;
				LD_RUNPATH_SEARCH_PATHS = (
					"$(inherited)",
					"@executable_path/Frameworks",
					"@loader_path/Frameworks",
				);
				PRODUCT_BUNDLE_IDENTIFIER = product.gurinder.singh.ErrorHandlingTests;
				PRODUCT_NAME = "$(TARGET_NAME)";
				SWIFT_VERSION = 5.0;
				TARGETED_DEVICE_FAMILY = "1,2";
				TEST_HOST = "$(BUILT_PRODUCTS_DIR)/ErrorHandling.app/ErrorHandling";
			};
			name = Debug;
		};
		2878F5CC2667F775002096BD /* Release */ = {
			isa = XCBuildConfiguration;
			buildSettings = {
				ALWAYS_EMBED_SWIFT_STANDARD_LIBRARIES = YES;
				BUNDLE_LOADER = "$(TEST_HOST)";
				CODE_SIGN_STYLE = Automatic;
				DEVELOPMENT_TEAM = A8MY7W6Z5F;
				INFOPLIST_FILE = ErrorHandlingTests/Info.plist;
				IPHONEOS_DEPLOYMENT_TARGET = 14.4;
				LD_RUNPATH_SEARCH_PATHS = (
					"$(inherited)",
					"@executable_path/Frameworks",
					"@loader_path/Frameworks",
				);
				PRODUCT_BUNDLE_IDENTIFIER = product.gurinder.singh.ErrorHandlingTests;
				PRODUCT_NAME = "$(TARGET_NAME)";
				SWIFT_VERSION = 5.0;
				TARGETED_DEVICE_FAMILY = "1,2";
				TEST_HOST = "$(BUILT_PRODUCTS_DIR)/ErrorHandling.app/ErrorHandling";
			};
			name = Release;
		};
		2878F5CE2667F775002096BD /* Debug */ = {
			isa = XCBuildConfiguration;
			buildSettings = {
				ALWAYS_EMBED_SWIFT_STANDARD_LIBRARIES = YES;
				CODE_SIGN_STYLE = Automatic;
				DEVELOPMENT_TEAM = A8MY7W6Z5F;
				INFOPLIST_FILE = ErrorHandlingUITests/Info.plist;
				LD_RUNPATH_SEARCH_PATHS = (
					"$(inherited)",
					"@executable_path/Frameworks",
					"@loader_path/Frameworks",
				);
				PRODUCT_BUNDLE_IDENTIFIER = product.gurinder.singh.ErrorHandlingUITests;
				PRODUCT_NAME = "$(TARGET_NAME)";
				SWIFT_VERSION = 5.0;
				TARGETED_DEVICE_FAMILY = "1,2";
				TEST_TARGET_NAME = ErrorHandling;
			};
			name = Debug;
		};
		2878F5CF2667F775002096BD /* Release */ = {
			isa = XCBuildConfiguration;
			buildSettings = {
				ALWAYS_EMBED_SWIFT_STANDARD_LIBRARIES = YES;
				CODE_SIGN_STYLE = Automatic;
				DEVELOPMENT_TEAM = A8MY7W6Z5F;
				INFOPLIST_FILE = ErrorHandlingUITests/Info.plist;
				LD_RUNPATH_SEARCH_PATHS = (
					"$(inherited)",
					"@executable_path/Frameworks",
					"@loader_path/Frameworks",
				);
				PRODUCT_BUNDLE_IDENTIFIER = product.gurinder.singh.ErrorHandlingUITests;
				PRODUCT_NAME = "$(TARGET_NAME)";
				SWIFT_VERSION = 5.0;
				TARGETED_DEVICE_FAMILY = "1,2";
				TEST_TARGET_NAME = ErrorHandling;
			};
			name = Release;
		};
/* End XCBuildConfiguration section */

/* Begin XCConfigurationList section */
		2878F5982667F772002096BD /* Build configuration list for PBXProject "ErrorHandling" */ = {
			isa = XCConfigurationList;
			buildConfigurations = (
				2878F5C52667F775002096BD /* Debug */,
				2878F5C62667F775002096BD /* Release */,
			);
			defaultConfigurationIsVisible = 0;
			defaultConfigurationName = Release;
		};
		2878F5C72667F775002096BD /* Build configuration list for PBXNativeTarget "ErrorHandling" */ = {
			isa = XCConfigurationList;
			buildConfigurations = (
				2878F5C82667F775002096BD /* Debug */,
				2878F5C92667F775002096BD /* Release */,
			);
			defaultConfigurationIsVisible = 0;
			defaultConfigurationName = Release;
		};
		2878F5CA2667F775002096BD /* Build configuration list for PBXNativeTarget "ErrorHandlingTests" */ = {
			isa = XCConfigurationList;
			buildConfigurations = (
				2878F5CB2667F775002096BD /* Debug */,
				2878F5CC2667F775002096BD /* Release */,
			);
			defaultConfigurationIsVisible = 0;
			defaultConfigurationName = Release;
		};
		2878F5CD2667F775002096BD /* Build configuration list for PBXNativeTarget "ErrorHandlingUITests" */ = {
			isa = XCConfigurationList;
			buildConfigurations = (
				2878F5CE2667F775002096BD /* Debug */,
				2878F5CF2667F775002096BD /* Release */,
			);
			defaultConfigurationIsVisible = 0;
			defaultConfigurationName = Release;
		};
/* End XCConfigurationList section */
	};
	rootObject = 2878F5952667F772002096BD /* Project object */;
}
